
Microsoft Visual Studio Solution File, Format Version 12.00
# Visual Studio 15
VisualStudioVersion = 15.0.27428.2015
MinimumVisualStudioVersion = 10.0.40219.1
Project("{FAE04EC0-301F-11D3-BF4B-00C04F79EFBC}") = "CirclePanel", "CirclePanel\CirclePanel.csproj", "{57A24C48-F162-4575-A9D5-408A499518CB}"
EndProject
Global
	GlobalSection(SolutionConfigurationPlatforms) = preSolution
		Debug|ARM = Debug|ARM
		Debug|x64 = Debug|x64
		Debug|x86 = Debug|x86
		Release|ARM = Release|ARM
		Release|x64 = Release|x64
		Release|x86 = Release|x86
	EndGlobalSection
	GlobalSection(ProjectConfigurationPlatforms) = postSolution
		{57A24C48-F162-4575-A9D5-408A499518CB}.Debug|ARM.ActiveCfg = Debug|ARM
		{57A24C48-F162-4575-A9D5-408A499518CB}.Debug|ARM.Build.0 = Debug|ARM
		{57A24C48-F162-4575-A9D5-408A499518CB}.Debug|ARM.Deploy.0 = Debug|ARM
		{57A24C48-F162-4575-A9D5-408A499518CB}.Debug|x64.ActiveCfg = Debug|x64
		{57A24C48-F162-4575-A9D5-408A499518CB}.Debug|x64.Build.0 = Debug|x64
		{57A24C48-F162-4575-A9D5-408A499518CB}.Debug|x64.Deploy.0 = Debug|x64
		{57A24C48-F162-4575-A9D5-408A499518CB}.Debug|x86.ActiveCfg = Debug|x86
		{57A24C48-F162-4575-A9D5-408A499518CB}.Debug|x86.Build.0 = Debug|x86
		{57A24C48-F162-4575-A9D5-408A499518CB}.Debug|x86.Deploy.0 = Debug|x86
		{57A24C48-F162-4575-A9D5-408A499518CB}.Release|ARM.ActiveCfg = Release|ARM
		{57A24C48-F162-4575-A9D5-408A499518CB}.Release|ARM.Build.0 = Release|ARM
		{57A24C48-F162-4575-A9D5-408A499518CB}.Release|ARM.Deploy.0 = Release|ARM
		{57A24C48-F162-4575-A9D5-408A499518CB}.Release|x64.ActiveCfg = Release|x64
		{57A24C48-F162-4575-A9D5-408A499518CB}.Release|x64.Build.0 = Release|x64
		{57A24C48-F162-4575-A9D5-408A499518CB}.Release|x64.Deploy.0 = Release|x64
		{57A24C48-F162-4575-A9D5-408A499518CB}.Release|x86.ActiveCfg = Release|x86
		{57A24C48-F162-4575-A9D5-408A499518CB}.Release|x86.Build.0 = Release|x86
		{57A24C48-F162-4575-A9D5-408A499518CB}.Release|x86.Deploy.0 = Release|x86
	EndGlobalSection
	GlobalSection(SolutionProperties) = preSolution
		HideSolutionNode = FALSE
	EndGlobalSection
	GlobalSection(ExtensibilityGlobals) = postSolution
		SolutionGuid = {A5D3726C-A2E3-4E57-B015-3B2B3BEBD0F3}
	EndGlobalSection
EndGlobal
